// !$*UTF8*$!
{
	archiveVersion = 1;
	classes = {
	};
	objectVersion = 56;
	objects = {

/* Begin PBXBuildFile section */
		BE7527DE2C5501A20091B836 /* live_hands_trackingApp.swift in Sources */ = {isa = PBXBuildFile; fileRef = BE7527DD2C5501A20091B836 /* live_hands_trackingApp.swift */; };
		BE7527E02C5501A20091B836 /* ContentView.swift in Sources */ = {isa = PBXBuildFile; fileRef = BE7527DF2C5501A20091B836 /* ContentView.swift */; };
		BE7527E22C5501A20091B836 /* ImmersiveView.swift in Sources */ = {isa = PBXBuildFile; fileRef = BE7527E12C5501A20091B836 /* ImmersiveView.swift */; };
		BE7527E42C5501A40091B836 /* Assets.xcassets in Resources */ = {isa = PBXBuildFile; fileRef = BE7527E32C5501A40091B836 /* Assets.xcassets */; };
		BE7527E72C5501A40091B836 /* Preview Assets.xcassets in Resources */ = {isa = PBXBuildFile; fileRef = BE7527E62C5501A40091B836 /* Preview Assets.xcassets */; };
		BE7527F32C5502260091B836 /* MotionManager.swift in Sources */ = {isa = PBXBuildFile; fileRef = BE7527F22C5502260091B836 /* MotionManager.swift */; };
		BE7527F52C55023C0091B836 /* Service.swift in Sources */ = {isa = PBXBuildFile; fileRef = BE7527F42C55023C0091B836 /* Service.swift */; };
		BE7527F82C55362D0091B836 /* HandPoses.swift in Sources */ = {isa = PBXBuildFile; fileRef = BE7527F72C55362D0091B836 /* HandPoses.swift */; };
		BE7527FA2C5536520091B836 /* HandJoint.swift in Sources */ = {isa = PBXBuildFile; fileRef = BE7527F92C5536520091B836 /* HandJoint.swift */; };
		BE7527FC2C5538A00091B836 /* WebSocketManager.swift in Sources */ = {isa = PBXBuildFile; fileRef = BE7527FB2C5538A00091B836 /* WebSocketManager.swift */; };
		BE7527FF2C554F020091B836 /* SIMD3+Extensions.swift in Sources */ = {isa = PBXBuildFile; fileRef = BE7527FE2C554F020091B836 /* SIMD3+Extensions.swift */; };
		BE7528012C554FAE0091B836 /* UserDefaults+Extensions.swift in Sources */ = {isa = PBXBuildFile; fileRef = BE7528002C554FAE0091B836 /* UserDefaults+Extensions.swift */; };
/* End PBXBuildFile section */

/* Begin PBXFileReference section */
		BE7527D62C5501A20091B836 /* live-hands-tracking.app */ = {isa = PBXFileReference; explicitFileType = wrapper.application; includeInIndex = 0; path = "live-hands-tracking.app"; sourceTree = BUILT_PRODUCTS_DIR; };
		BE7527DD2C5501A20091B836 /* live_hands_trackingApp.swift */ = {isa = PBXFileReference; lastKnownFileType = sourcecode.swift; path = live_hands_trackingApp.swift; sourceTree = "<group>"; };
		BE7527DF2C5501A20091B836 /* ContentView.swift */ = {isa = PBXFileReference; lastKnownFileType = sourcecode.swift; path = ContentView.swift; sourceTree = "<group>"; };
		BE7527E12C5501A20091B836 /* ImmersiveView.swift */ = {isa = PBXFileReference; lastKnownFileType = sourcecode.swift; path = ImmersiveView.swift; sourceTree = "<group>"; };
		BE7527E32C5501A40091B836 /* Assets.xcassets */ = {isa = PBXFileReference; lastKnownFileType = folder.assetcatalog; path = Assets.xcassets; sourceTree = "<group>"; };
		BE7527E62C5501A40091B836 /* Preview Assets.xcassets */ = {isa = PBXFileReference; lastKnownFileType = folder.assetcatalog; path = "Preview Assets.xcassets"; sourceTree = "<group>"; };
		BE7527E82C5501A40091B836 /* Info.plist */ = {isa = PBXFileReference; lastKnownFileType = text.plist.xml; path = Info.plist; sourceTree = "<group>"; };
		BE7527F22C5502260091B836 /* MotionManager.swift */ = {isa = PBXFileReference; lastKnownFileType = sourcecode.swift; path = MotionManager.swift; sourceTree = "<group>"; };
		BE7527F42C55023C0091B836 /* Service.swift */ = {isa = PBXFileReference; lastKnownFileType = sourcecode.swift; path = Service.swift; sourceTree = "<group>"; };
		BE7527F72C55362D0091B836 /* HandPoses.swift */ = {isa = PBXFileReference; lastKnownFileType = sourcecode.swift; path = HandPoses.swift; sourceTree = "<group>"; };
		BE7527F92C5536520091B836 /* HandJoint.swift */ = {isa = PBXFileReference; lastKnownFileType = sourcecode.swift; path = HandJoint.swift; sourceTree = "<group>"; };
		BE7527FB2C5538A00091B836 /* WebSocketManager.swift */ = {isa = PBXFileReference; lastKnownFileType = sourcecode.swift; path = WebSocketManager.swift; sourceTree = "<group>"; };
		BE7527FE2C554F020091B836 /* SIMD3+Extensions.swift */ = {isa = PBXFileReference; lastKnownFileType = sourcecode.swift; path = "SIMD3+Extensions.swift"; sourceTree = "<group>"; };
		BE7528002C554FAE0091B836 /* UserDefaults+Extensions.swift */ = {isa = PBXFileReference; lastKnownFileType = sourcecode.swift; path = "UserDefaults+Extensions.swift"; sourceTree = "<group>"; };
/* End PBXFileReference section */

/* Begin PBXFrameworksBuildPhase section */
		BE7527D32C5501A20091B836 /* Frameworks */ = {
			isa = PBXFrameworksBuildPhase;
			buildActionMask = 2147483647;
			files = (
			);
			runOnlyForDeploymentPostprocessing = 0;
		};
/* End PBXFrameworksBuildPhase section */

/* Begin PBXGroup section */
		BE7527CD2C5501A20091B836 = {
			isa = PBXGroup;
			children = (
				BE7527D82C5501A20091B836 /* live-hands-tracking */,
				BE7527D92C5501A20091B836 /* Packages */,
				BE7527D72C5501A20091B836 /* Products */,
			);
			sourceTree = "<group>";
		};
		BE7527D72C5501A20091B836 /* Products */ = {
			isa = PBXGroup;
			children = (
				BE7527D62C5501A20091B836 /* live-hands-tracking.app */,
			);
			name = Products;
			sourceTree = "<group>";
		};
		BE7527D82C5501A20091B836 /* live-hands-tracking */ = {
			isa = PBXGroup;
			children = (
				BE7527DD2C5501A20091B836 /* live_hands_trackingApp.swift */,
				BE7527E82C5501A40091B836 /* Info.plist */,
				BE7527F02C5502080091B836 /* Models */,
				BE7527EE2C5501B10091B836 /* Views */,
				BE7527F12C55020C0091B836 /* View Models */,
				BE7527EF2C5501BE0091B836 /* Resources */,
				BE7527E52C5501A40091B836 /* Preview Content */,
			);
			path = "live-hands-tracking";
			sourceTree = "<group>";
		};
		BE7527D92C5501A20091B836 /* Packages */ = {
			isa = PBXGroup;
			children = (
			);
			path = Packages;
			sourceTree = "<group>";
		};
		BE7527E52C5501A40091B836 /* Preview Content */ = {
			isa = PBXGroup;
			children = (
				BE7527E62C5501A40091B836 /* Preview Assets.xcassets */,
			);
			path = "Preview Content";
			sourceTree = "<group>";
		};
		BE7527EE2C5501B10091B836 /* Views */ = {
			isa = PBXGroup;
			children = (
				BE7527E12C5501A20091B836 /* ImmersiveView.swift */,
				BE7527DF2C5501A20091B836 /* ContentView.swift */,
			);
			path = Views;
			sourceTree = "<group>";
		};
		BE7527EF2C5501BE0091B836 /* Resources */ = {
			isa = PBXGroup;
			children = (
				BE7527E32C5501A40091B836 /* Assets.xcassets */,
			);
			path = Resources;
			sourceTree = "<group>";
		};
		BE7527F02C5502080091B836 /* Models */ = {
			isa = PBXGroup;
			children = (
				BE7527FD2C554EF90091B836 /* Extensions */,
				BE7527F62C55023F0091B836 /* Protocols */,
				BE7527F72C55362D0091B836 /* HandPoses.swift */,
				BE7527F92C5536520091B836 /* HandJoint.swift */,
			);
			path = Models;
			sourceTree = "<group>";
		};
		BE7527F12C55020C0091B836 /* View Models */ = {
			isa = PBXGroup;
			children = (
				BE7527F22C5502260091B836 /* MotionManager.swift */,
				BE7527FB2C5538A00091B836 /* WebSocketManager.swift */,
			);
			path = "View Models";
			sourceTree = "<group>";
		};
		BE7527F62C55023F0091B836 /* Protocols */ = {
			isa = PBXGroup;
			children = (
				BE7527F42C55023C0091B836 /* Service.swift */,
			);
			path = Protocols;
			sourceTree = "<group>";
		};
		BE7527FD2C554EF90091B836 /* Extensions */ = {
			isa = PBXGroup;
			children = (
				BE7527FE2C554F020091B836 /* SIMD3+Extensions.swift */,
				BE7528002C554FAE0091B836 /* UserDefaults+Extensions.swift */,
			);
			path = Extensions;
			sourceTree = "<group>";
		};
/* End PBXGroup section */

/* Begin PBXNativeTarget section */
		BE7527D52C5501A20091B836 /* live-hands-tracking */ = {
			isa = PBXNativeTarget;
			buildConfigurationList = BE7527EB2C5501A40091B836 /* Build configuration list for PBXNativeTarget "live-hands-tracking" */;
			buildPhases = (
				BE7527D22C5501A20091B836 /* Sources */,
				BE7527D32C5501A20091B836 /* Frameworks */,
				BE7527D42C5501A20091B836 /* Resources */,
			);
			buildRules = (
			);
			dependencies = (
			);
			name = "live-hands-tracking";
			packageProductDependencies = (
			);
			productName = "live-hands-tracking";
			productReference = BE7527D62C5501A20091B836 /* live-hands-tracking.app */;
			productType = "com.apple.product-type.application";
		};
/* End PBXNativeTarget section */

/* Begin PBXProject section */
		BE7527CE2C5501A20091B836 /* Project object */ = {
			isa = PBXProject;
			attributes = {
				BuildIndependentTargetsInParallel = 1;
				LastSwiftUpdateCheck = 1540;
				LastUpgradeCheck = 1540;
				TargetAttributes = {
					BE7527D52C5501A20091B836 = {
						CreatedOnToolsVersion = 15.4;
					};
				};
			};
			buildConfigurationList = BE7527D12C5501A20091B836 /* Build configuration list for PBXProject "live-hands-tracking" */;
			compatibilityVersion = "Xcode 14.0";
			developmentRegion = en;
			hasScannedForEncodings = 0;
			knownRegions = (
				en,
				Base,
			);
			mainGroup = BE7527CD2C5501A20091B836;
			productRefGroup = BE7527D72C5501A20091B836 /* Products */;
			projectDirPath = "";
			projectRoot = "";
			targets = (
				BE7527D52C5501A20091B836 /* live-hands-tracking */,
			);
		};
/* End PBXProject section */

/* Begin PBXResourcesBuildPhase section */
		BE7527D42C5501A20091B836 /* Resources */ = {
			isa = PBXResourcesBuildPhase;
			buildActionMask = 2147483647;
			files = (
				BE7527E72C5501A40091B836 /* Preview Assets.xcassets in Resources */,
				BE7527E42C5501A40091B836 /* Assets.xcassets in Resources */,
			);
			runOnlyForDeploymentPostprocessing = 0;
		};
/* End PBXResourcesBuildPhase section */

/* Begin PBXSourcesBuildPhase section */
		BE7527D22C5501A20091B836 /* Sources */ = {
			isa = PBXSourcesBuildPhase;
			buildActionMask = 2147483647;
			files = (
				BE7527E02C5501A20091B836 /* ContentView.swift in Sources */,
				BE7527DE2C5501A20091B836 /* live_hands_trackingApp.swift in Sources */,
				BE7527F52C55023C0091B836 /* Service.swift in Sources */,
				BE7527FC2C5538A00091B836 /* WebSocketManager.swift in Sources */,
				BE7527E22C5501A20091B836 /* ImmersiveView.swift in Sources */,
				BE7527FF2C554F020091B836 /* SIMD3+Extensions.swift in Sources */,
				BE7527FA2C5536520091B836 /* HandJoint.swift in Sources */,
				BE7527F32C5502260091B836 /* MotionManager.swift in Sources */,
				BE7528012C554FAE0091B836 /* UserDefaults+Extensions.swift in Sources */,
				BE7527F82C55362D0091B836 /* HandPoses.swift in Sources */,
			);
			runOnlyForDeploymentPostprocessing = 0;
		};
/* End PBXSourcesBuildPhase section */

/* Begin XCBuildConfiguration section */
		BE7527E92C5501A40091B836 /* Debug */ = {
			isa = XCBuildConfiguration;
			buildSettings = {
				ALWAYS_SEARCH_USER_PATHS = NO;
				ASSETCATALOG_COMPILER_GENERATE_SWIFT_ASSET_SYMBOL_EXTENSIONS = YES;
				CLANG_ANALYZER_NONNULL = YES;
				CLANG_ANALYZER_NUMBER_OBJECT_CONVERSION = YES_AGGRESSIVE;
				CLANG_CXX_LANGUAGE_STANDARD = "gnu++20";
				CLANG_ENABLE_MODULES = YES;
				CLANG_ENABLE_OBJC_ARC = YES;
				CLANG_ENABLE_OBJC_WEAK = YES;
				CLANG_WARN_BLOCK_CAPTURE_AUTORELEASING = YES;
				CLANG_WARN_BOOL_CONVERSION = YES;
				CLANG_WARN_COMMA = YES;
				CLANG_WARN_CONSTANT_CONVERSION = YES;
				CLANG_WARN_DEPRECATED_OBJC_IMPLEMENTATIONS = YES;
				CLANG_WARN_DIRECT_OBJC_ISA_USAGE = YES_ERROR;
				CLANG_WARN_DOCUMENTATION_COMMENTS = YES;
				CLANG_WARN_EMPTY_BODY = YES;
				CLANG_WARN_ENUM_CONVERSION = YES;
				CLANG_WARN_INFINITE_RECURSION = YES;
				CLANG_WARN_INT_CONVERSION = YES;
				CLANG_WARN_NON_LITERAL_NULL_CONVERSION = YES;
				CLANG_WARN_OBJC_IMPLICIT_RETAIN_SELF = YES;
				CLANG_WARN_OBJC_LITERAL_CONVERSION = YES;
				CLANG_WARN_OBJC_ROOT_CLASS = YES_ERROR;
				CLANG_WARN_QUOTED_INCLUDE_IN_FRAMEWORK_HEADER = YES;
				CLANG_WARN_RANGE_LOOP_ANALYSIS = YES;
				CLANG_WARN_STRICT_PROTOTYPES = YES;
				CLANG_WARN_SUSPICIOUS_MOVE = YES;
				CLANG_WARN_UNGUARDED_AVAILABILITY = YES_AGGRESSIVE;
				CLANG_WARN_UNREACHABLE_CODE = YES;
				CLANG_WARN__DUPLICATE_METHOD_MATCH = YES;
				COPY_PHASE_STRIP = NO;
				DEBUG_INFORMATION_FORMAT = dwarf;
				ENABLE_STRICT_OBJC_MSGSEND = YES;
				ENABLE_TESTABILITY = YES;
				ENABLE_USER_SCRIPT_SANDBOXING = YES;
				GCC_C_LANGUAGE_STANDARD = gnu17;
				GCC_DYNAMIC_NO_PIC = NO;
				GCC_NO_COMMON_BLOCKS = YES;
				GCC_OPTIMIZATION_LEVEL = 0;
				GCC_PREPROCESSOR_DEFINITIONS = (
					"DEBUG=1",
					"$(inherited)",
				);
				GCC_WARN_64_TO_32_BIT_CONVERSION = YES;
				GCC_WARN_ABOUT_RETURN_TYPE = YES_ERROR;
				GCC_WARN_UNDECLARED_SELECTOR = YES;
				GCC_WARN_UNINITIALIZED_AUTOS = YES_AGGRESSIVE;
				GCC_WARN_UNUSED_FUNCTION = YES;
				GCC_WARN_UNUSED_VARIABLE = YES;
				LOCALIZATION_PREFERS_STRING_CATALOGS = YES;
				MTL_ENABLE_DEBUG_INFO = INCLUDE_SOURCE;
				MTL_FAST_MATH = YES;
				ONLY_ACTIVE_ARCH = YES;
				SDKROOT = xros;
				SWIFT_ACTIVE_COMPILATION_CONDITIONS = "DEBUG $(inherited)";
				SWIFT_OPTIMIZATION_LEVEL = "-Onone";
				XROS_DEPLOYMENT_TARGET = 1.2;
			};
			name = Debug;
		};
		BE7527EA2C5501A40091B836 /* Release */ = {
			isa = XCBuildConfiguration;
			buildSettings = {
				ALWAYS_SEARCH_USER_PATHS = NO;
				ASSETCATALOG_COMPILER_GENERATE_SWIFT_ASSET_SYMBOL_EXTENSIONS = YES;
				CLANG_ANALYZER_NONNULL = YES;
				CLANG_ANALYZER_NUMBER_OBJECT_CONVERSION = YES_AGGRESSIVE;
				CLANG_CXX_LANGUAGE_STANDARD = "gnu++20";
				CLANG_ENABLE_MODULES = YES;
				CLANG_ENABLE_OBJC_ARC = YES;
				CLANG_ENABLE_OBJC_WEAK = YES;
				CLANG_WARN_BLOCK_CAPTURE_AUTORELEASING = YES;
				CLANG_WARN_BOOL_CONVERSION = YES;
				CLANG_WARN_COMMA = YES;
				CLANG_WARN_CONSTANT_CONVERSION = YES;
				CLANG_WARN_DEPRECATED_OBJC_IMPLEMENTATIONS = YES;
				CLANG_WARN_DIRECT_OBJC_ISA_USAGE = YES_ERROR;
				CLANG_WARN_DOCUMENTATION_COMMENTS = YES;
				CLANG_WARN_EMPTY_BODY = YES;
				CLANG_WARN_ENUM_CONVERSION = YES;
				CLANG_WARN_INFINITE_RECURSION = YES;
				CLANG_WARN_INT_CONVERSION = YES;
				CLANG_WARN_NON_LITERAL_NULL_CONVERSION = YES;
				CLANG_WARN_OBJC_IMPLICIT_RETAIN_SELF = YES;
				CLANG_WARN_OBJC_LITERAL_CONVERSION = YES;
				CLANG_WARN_OBJC_ROOT_CLASS = YES_ERROR;
				CLANG_WARN_QUOTED_INCLUDE_IN_FRAMEWORK_HEADER = YES;
				CLANG_WARN_RANGE_LOOP_ANALYSIS = YES;
				CLANG_WARN_STRICT_PROTOTYPES = YES;
				CLANG_WARN_SUSPICIOUS_MOVE = YES;
				CLANG_WARN_UNGUARDED_AVAILABILITY = YES_AGGRESSIVE;
				CLANG_WARN_UNREACHABLE_CODE = YES;
				CLANG_WARN__DUPLICATE_METHOD_MATCH = YES;
				COPY_PHASE_STRIP = NO;
				DEBUG_INFORMATION_FORMAT = "dwarf-with-dsym";
				ENABLE_NS_ASSERTIONS = NO;
				ENABLE_STRICT_OBJC_MSGSEND = YES;
				ENABLE_USER_SCRIPT_SANDBOXING = YES;
				GCC_C_LANGUAGE_STANDARD = gnu17;
				GCC_NO_COMMON_BLOCKS = YES;
				GCC_WARN_64_TO_32_BIT_CONVERSION = YES;
				GCC_WARN_ABOUT_RETURN_TYPE = YES_ERROR;
				GCC_WARN_UNDECLARED_SELECTOR = YES;
				GCC_WARN_UNINITIALIZED_AUTOS = YES_AGGRESSIVE;
				GCC_WARN_UNUSED_FUNCTION = YES;
				GCC_WARN_UNUSED_VARIABLE = YES;
				LOCALIZATION_PREFERS_STRING_CATALOGS = YES;
				MTL_ENABLE_DEBUG_INFO = NO;
				MTL_FAST_MATH = YES;
				SDKROOT = xros;
				SWIFT_COMPILATION_MODE = wholemodule;
				VALIDATE_PRODUCT = YES;
				XROS_DEPLOYMENT_TARGET = 1.2;
			};
			name = Release;
		};
		BE7527EC2C5501A40091B836 /* Debug */ = {
			isa = XCBuildConfiguration;
			buildSettings = {
				ASSETCATALOG_COMPILER_APPICON_NAME = AppIcon;
				ASSETCATALOG_COMPILER_GLOBAL_ACCENT_COLOR_NAME = AccentColor;
				CODE_SIGN_STYLE = Automatic;
				CURRENT_PROJECT_VERSION = 2;
				DEVELOPMENT_ASSET_PATHS = "\"live-hands-tracking/Preview Content\"";
				DEVELOPMENT_TEAM = D6N35G7JTM;
				ENABLE_PREVIEWS = YES;
				GENERATE_INFOPLIST_FILE = YES;
				INFOPLIST_FILE = "$(TARGET_NAME)/Info.plist";
				INFOPLIST_KEY_CFBundleDisplayName = "Live Hands Tracking";
				LD_RUNPATH_SEARCH_PATHS = (
					"$(inherited)",
					"@executable_path/Frameworks",
				);
				MARKETING_VERSION = 1.0;
				PRODUCT_BUNDLE_IDENTIFIER = "yuriynefedov.live-hands-tracking";
				PRODUCT_NAME = "$(TARGET_NAME)";
				SUPPORTED_PLATFORMS = "xros xrsimulator";
				SWIFT_EMIT_LOC_STRINGS = YES;
				SWIFT_VERSION = 5.0;
				TARGETED_DEVICE_FAMILY = "1,2,7";
				XROS_DEPLOYMENT_TARGET = 1.0;
			};
			name = Debug;
		};
		BE7527ED2C5501A40091B836 /* Release */ = {
			isa = XCBuildConfiguration;
			buildSettings = {
				ASSETCATALOG_COMPILER_APPICON_NAME = AppIcon;
				ASSETCATALOG_COMPILER_GLOBAL_ACCENT_COLOR_NAME = AccentColor;
				CODE_SIGN_STYLE = Automatic;
				CURRENT_PROJECT_VERSION = 2;
				DEVELOPMENT_ASSET_PATHS = "\"live-hands-tracking/Preview Content\"";
				DEVELOPMENT_TEAM = D6N35G7JTM;
				ENABLE_PREVIEWS = YES;
				GENERATE_INFOPLIST_FILE = YES;
				INFOPLIST_FILE = "$(TARGET_NAME)/Info.plist";
				INFOPLIST_KEY_CFBundleDisplayName = "Live Hands Tracking";
				LD_RUNPATH_SEARCH_PATHS = (
					"$(inherited)",
					"@executable_path/Frameworks",
				);
				MARKETING_VERSION = 1.0;
				PRODUCT_BUNDLE_IDENTIFIER = "yuriynefedov.live-hands-tracking";
				PRODUCT_NAME = "$(TARGET_NAME)";
				SUPPORTED_PLATFORMS = "xros xrsimulator";
				SWIFT_EMIT_LOC_STRINGS = YES;
				SWIFT_VERSION = 5.0;
				TARGETED_DEVICE_FAMILY = "1,2,7";
				XROS_DEPLOYMENT_TARGET = 1.0;
			};
			name = Release;
		};
/* End XCBuildConfiguration section */

/* Begin XCConfigurationList section */
		BE7527D12C5501A20091B836 /* Build configuration list for PBXProject "live-hands-tracking" */ = {
			isa = XCConfigurationList;
			buildConfigurations = (
				BE7527E92C5501A40091B836 /* Debug */,
				BE7527EA2C5501A40091B836 /* Release */,
			);
			defaultConfigurationIsVisible = 0;
			defaultConfigurationName = Release;
		};
		BE7527EB2C5501A40091B836 /* Build configuration list for PBXNativeTarget "live-hands-tracking" */ = {
			isa = XCConfigurationList;
			buildConfigurations = (
				BE7527EC2C5501A40091B836 /* Debug */,
				BE7527ED2C5501A40091B836 /* Release */,
			);
			defaultConfigurationIsVisible = 0;
			defaultConfigurationName = Release;
		};
/* End XCConfigurationList section */
	};
	rootObject = BE7527CE2C5501A20091B836 /* Project object */;
}
